version = 1
requires-python = ">=3.9"

[[package]]
name = "py-ground"
version = "0.1.0"
source = { virtual = "." }
dependencies = [
    { name = "pymupdf" },
]

[package.metadata]
requires-dist = [{ name = "pymupdf", specifier = ">=1.25.2" }]

[[package]]
name = "pymupdf"
version = "1.25.2"
source = { registry = "https://pypi.org/simple" }
sdist = { url = "https://files.pythonhosted.org/packages/40/fc/dd8776dc5c2f8cf0e51cf81a5f1de3840996bed7ca03ec768b0733024fb9/pymupdf-1.25.2.tar.gz", hash = "sha256:9ea88ff1b3ccb359620f106a6fd5ba6877d959d21d78272052c3496ceede6eec", size = 63814915 }
wheels = [
    { url = "https://files.pythonhosted.org/packages/24/34/8c3d82719d118beb48fded78fcab7cbe9ac3bf1906dc87a9ca4fd950087d/pymupdf-1.25.2-cp39-abi3-macosx_10_9_x86_64.whl", hash = "sha256:59dea22b633cc4fc13670b4c5db50d71f8cd4f420814420f33ce47ddcb61e1f6", size = 19336722 },
    { url = "https://files.pythonhosted.org/packages/4f/ec/c7f742f56ee42be27b3afdbf3364da12f03e309f6638e666a7816d9eef23/pymupdf-1.25.2-cp39-abi3-macosx_11_0_arm64.whl", hash = "sha256:e8b8a874497cd0deee89a6a4fb76a3a08173c8d39e88fc7cf715764ec5a243e9", size = 18570847 },
    { url = "https://files.pythonhosted.org/packages/9d/27/557ee235aded5185e4824459e1540142fbb9323e1b83f77cbefe2e2c4e1e/pymupdf-1.25.2-cp39-abi3-manylinux2014_aarch64.manylinux_2_17_aarch64.whl", hash = "sha256:f61e5cdb25b86eb28d34aa3557b49ecf9e361d5f5cd3b1660406f8f0bf813af7", size = 19430802 },
    { url = "https://files.pythonhosted.org/packages/0e/de/35fde3d49e0d187b95ab64cc61b4d275ebc7fd4f45e152b206b0e17e6b69/pymupdf-1.25.2-cp39-abi3-manylinux2014_x86_64.manylinux_2_17_x86_64.whl", hash = "sha256:ae8cfa7a97d78f813d286ecba32369059d88073edd1e5cf105f4cd0811f71925", size = 19994315 },
    { url = "https://files.pythonhosted.org/packages/9d/d3/a8a09b550c62306c76e1c2d892c0890287470164d7941aea35330cceee4d/pymupdf-1.25.2-cp39-abi3-musllinux_1_2_x86_64.whl", hash = "sha256:295505fe1ecb7c7b57d4124d373e207ea311d8e40bc7ac3016d8ec2d60b091e9", size = 21117143 },
    { url = "https://files.pythonhosted.org/packages/ef/ac/fc4f37c7620a20d25443868ed665291e96f283eda068cda673e9edebf5f0/pymupdf-1.25.2-cp39-abi3-win32.whl", hash = "sha256:b9488c8b82bb9be36fb13ee0c8d43b0ddcc50af83b61da01e6040413d9e67da6", size = 15084555 },
    { url = "https://files.pythonhosted.org/packages/64/8e/1d0ff215b37343c7e0bec4d571f1413e4f76a416591276b97081f1814710/pymupdf-1.25.2-cp39-abi3-win_amd64.whl", hash = "sha256:1b4ca6f5780d319a08dff885a5a0e3585c5d7af04dcfa063c535b88371fd91c1", size = 16531823 },
]
